# THIS IS AN AUTOGENERATED FILE. DO NOT EDIT THIS FILE DIRECTLY.
# yarn lockfile v1


async@^2.5.0:
  version "2.5.0"
  resolved "https://registry.yarnpkg.com/async/-/async-2.5.0.tgz#843190fd6b7357a0b9e1c956edddd5ec8462b54d"
  dependencies:
    lodash "^4.14.0"

cloud-detector@^1.0.3:
  version "1.0.3"
  resolved "https://registry.yarnpkg.com/cloud-detector/-/cloud-detector-1.0.3.tgz#783cb3d43df52ee79404b607a72ead3af04f36ee"
  dependencies:
    async "^2.5.0"
    debug-log "^1.0.1"

debug-log@^1.0.1:
  version "1.0.1"
  resolved "https://registry.yarnpkg.com/debug-log/-/debug-log-1.0.1.tgz#2307632d4c04382b8df8a32f70b895046d52745f"

lodash@^4.14.0:
  version "4.17.4"
  resolved "https://registry.yarnpkg.com/lodash/-/lodash-4.17.4.tgz#78203a4d1c328ae1d86dca6460e369b57f4055ae"

minimist@^1.2.0:
  version "1.2.0"
  resolved "https://registry.yarnpkg.com/minimist/-/minimist-1.2.0.tgz#a35008b20f41383eec1fb914f4cd5df79a264284"
